// !$*UTF8*$!
{
	archiveVersion = 1;
	classes = {
	};
	objectVersion = 50;
	objects = {

/* Begin PBXBuildFile section */
		9F20C18222A69ABA00CD8726 /* CameraManager.swift in Sources */ = {isa = PBXBuildFile; fileRef = 9F20C18122A69AB900CD8726 /* CameraManager.swift */; };
		9F7F4FCA22367FB000294E0A /* AppDelegate.swift in Sources */ = {isa = PBXBuildFile; fileRef = 9F7F4FC922367FB000294E0A /* AppDelegate.swift */; };
		9F7F4FCC22367FB000294E0A /* ViewportViewController.swift in Sources */ = {isa = PBXBuildFile; fileRef = 9F7F4FCB22367FB000294E0A /* ViewportViewController.swift */; };
		9F7F4FCF22367FB000294E0A /* Main.storyboard in Resources */ = {isa = PBXBuildFile; fileRef = 9F7F4FCD22367FB000294E0A /* Main.storyboard */; };
		9F7F4FD222367FB000294E0A /* Color_Camera.xcdatamodeld in Sources */ = {isa = PBXBuildFile; fileRef = 9F7F4FD022367FB000294E0A /* Color_Camera.xcdatamodeld */; };
		9F7F4FD422367FB200294E0A /* Assets.xcassets in Resources */ = {isa = PBXBuildFile; fileRef = 9F7F4FD322367FB200294E0A /* Assets.xcassets */; };
		9F7F4FD722367FB200294E0A /* LaunchScreen.storyboard in Resources */ = {isa = PBXBuildFile; fileRef = 9F7F4FD522367FB200294E0A /* LaunchScreen.storyboard */; };
		9F9234F222ABF36F00A0E51E /* FilterManager.swift in Sources */ = {isa = PBXBuildFile; fileRef = 9F9234F122ABF36F00A0E51E /* FilterManager.swift */; };
		9F9234F422ABF65300A0E51E /* CustomCIKernels.metal in Sources */ = {isa = PBXBuildFile; fileRef = 9F9234F322ABF65300A0E51E /* CustomCIKernels.metal */; };
		9FC7E523236B090B00E97B39 /* FilterPickerCellView.xib in Resources */ = {isa = PBXBuildFile; fileRef = 9FC7E522236B090B00E97B39 /* FilterPickerCellView.xib */; };
		9FC7E525236B0A9100E97B39 /* FilterPickerCellController.swift in Sources */ = {isa = PBXBuildFile; fileRef = 9FC7E524236B0A9100E97B39 /* FilterPickerCellController.swift */; };
		9FECA45922AD257800B157D7 /* FilterPickerView.xib in Resources */ = {isa = PBXBuildFile; fileRef = 9FECA45822AD257800B157D7 /* FilterPickerView.xib */; };
		9FECA45B22AD25AC00B157D7 /* FilterPickerViewController.swift in Sources */ = {isa = PBXBuildFile; fileRef = 9FECA45A22AD25AC00B157D7 /* FilterPickerViewController.swift */; };
/* End PBXBuildFile section */

/* Begin PBXFileReference section */
		9F20C18122A69AB900CD8726 /* CameraManager.swift */ = {isa = PBXFileReference; lastKnownFileType = sourcecode.swift; path = CameraManager.swift; sourceTree = "<group>"; };
		9F7F4FC622367FB000294E0A /* Color Camera.app */ = {isa = PBXFileReference; explicitFileType = wrapper.application; includeInIndex = 0; path = "Color Camera.app"; sourceTree = BUILT_PRODUCTS_DIR; };
		9F7F4FC922367FB000294E0A /* AppDelegate.swift */ = {isa = PBXFileReference; lastKnownFileType = sourcecode.swift; path = AppDelegate.swift; sourceTree = "<group>"; };
		9F7F4FCB22367FB000294E0A /* ViewportViewController.swift */ = {isa = PBXFileReference; lastKnownFileType = sourcecode.swift; path = ViewportViewController.swift; sourceTree = "<group>"; };
		9F7F4FCE22367FB000294E0A /* Base */ = {isa = PBXFileReference; lastKnownFileType = file.storyboard; name = Base; path = Base.lproj/Main.storyboard; sourceTree = "<group>"; };
		9F7F4FD122367FB000294E0A /* Color_Camera.xcdatamodel */ = {isa = PBXFileReference; lastKnownFileType = wrapper.xcdatamodel; path = Color_Camera.xcdatamodel; sourceTree = "<group>"; };
		9F7F4FD322367FB200294E0A /* Assets.xcassets */ = {isa = PBXFileReference; lastKnownFileType = folder.assetcatalog; path = Assets.xcassets; sourceTree = "<group>"; };
		9F7F4FD622367FB200294E0A /* Base */ = {isa = PBXFileReference; lastKnownFileType = file.storyboard; name = Base; path = Base.lproj/LaunchScreen.storyboard; sourceTree = "<group>"; };
		9F7F4FD822367FB200294E0A /* Info.plist */ = {isa = PBXFileReference; lastKnownFileType = text.plist.xml; path = Info.plist; sourceTree = "<group>"; };
		9F9234F122ABF36F00A0E51E /* FilterManager.swift */ = {isa = PBXFileReference; lastKnownFileType = sourcecode.swift; path = FilterManager.swift; sourceTree = "<group>"; };
		9F9234F322ABF65300A0E51E /* CustomCIKernels.metal */ = {isa = PBXFileReference; lastKnownFileType = sourcecode.metal; path = CustomCIKernels.metal; sourceTree = "<group>"; };
		9FC7E522236B090B00E97B39 /* FilterPickerCellView.xib */ = {isa = PBXFileReference; lastKnownFileType = file.xib; path = FilterPickerCellView.xib; sourceTree = "<group>"; };
		9FC7E524236B0A9100E97B39 /* FilterPickerCellController.swift */ = {isa = PBXFileReference; lastKnownFileType = sourcecode.swift; path = FilterPickerCellController.swift; sourceTree = "<group>"; };
		9FECA45822AD257800B157D7 /* FilterPickerView.xib */ = {isa = PBXFileReference; lastKnownFileType = file.xib; path = FilterPickerView.xib; sourceTree = "<group>"; };
		9FECA45A22AD25AC00B157D7 /* FilterPickerViewController.swift */ = {isa = PBXFileReference; lastKnownFileType = sourcecode.swift; path = FilterPickerViewController.swift; sourceTree = "<group>"; };
/* End PBXFileReference section */

/* Begin PBXFrameworksBuildPhase section */
		9F7F4FC322367FB000294E0A /* Frameworks */ = {
			isa = PBXFrameworksBuildPhase;
			buildActionMask = 2147483647;
			files = (
			);
			runOnlyForDeploymentPostprocessing = 0;
		};
/* End PBXFrameworksBuildPhase section */

/* Begin PBXGroup section */
		9F7F4FBD22367FB000294E0A = {
			isa = PBXGroup;
			children = (
				9F7F4FC822367FB000294E0A /* Color Camera */,
				9F7F4FC722367FB000294E0A /* Products */,
			);
			sourceTree = "<group>";
		};
		9F7F4FC722367FB000294E0A /* Products */ = {
			isa = PBXGroup;
			children = (
				9F7F4FC622367FB000294E0A /* Color Camera.app */,
			);
			name = Products;
			sourceTree = "<group>";
		};
		9F7F4FC822367FB000294E0A /* Color Camera */ = {
			isa = PBXGroup;
			children = (
				9FFC86602415825B00F7E307 /* Core */,
				9FFC865F241581BB00F7E307 /* Services */,
				9FFC865E2415815F00F7E307 /* Screens */,
				9F7F4FD822367FB200294E0A /* Info.plist */,
				9F7F4FD322367FB200294E0A /* Assets.xcassets */,
				9F7F4FD022367FB000294E0A /* Color_Camera.xcdatamodeld */,
			);
			path = "Color Camera";
			sourceTree = "<group>";
		};
		9FFC865E2415815F00F7E307 /* Screens */ = {
			isa = PBXGroup;
			children = (
				9FFC86622415826E00F7E307 /* Filter Picker */,
				9FFC86612415826700F7E307 /* Viewport */,
			);
			path = Screens;
			sourceTree = "<group>";
		};
		9FFC865F241581BB00F7E307 /* Services */ = {
			isa = PBXGroup;
			children = (
				9F20C18122A69AB900CD8726 /* CameraManager.swift */,
				9F9234F122ABF36F00A0E51E /* FilterManager.swift */,
				9F9234F322ABF65300A0E51E /* CustomCIKernels.metal */,
			);
			path = Services;
			sourceTree = "<group>";
		};
		9FFC86602415825B00F7E307 /* Core */ = {
			isa = PBXGroup;
			children = (
				9F7F4FC922367FB000294E0A /* AppDelegate.swift */,
			);
			path = Core;
			sourceTree = "<group>";
		};
		9FFC86612415826700F7E307 /* Viewport */ = {
			isa = PBXGroup;
			children = (
				9F7F4FCB22367FB000294E0A /* ViewportViewController.swift */,
				9F7F4FD522367FB200294E0A /* LaunchScreen.storyboard */,
				9F7F4FCD22367FB000294E0A /* Main.storyboard */,
			);
			path = Viewport;
			sourceTree = "<group>";
		};
		9FFC86622415826E00F7E307 /* Filter Picker */ = {
			isa = PBXGroup;
			children = (
				9FC7E524236B0A9100E97B39 /* FilterPickerCellController.swift */,
				9FECA45A22AD25AC00B157D7 /* FilterPickerViewController.swift */,
				9FC7E522236B090B00E97B39 /* FilterPickerCellView.xib */,
				9FECA45822AD257800B157D7 /* FilterPickerView.xib */,
			);
			path = "Filter Picker";
			sourceTree = "<group>";
		};
/* End PBXGroup section */

/* Begin PBXNativeTarget section */
		9F7F4FC522367FB000294E0A /* Color Camera */ = {
			isa = PBXNativeTarget;
			buildConfigurationList = 9F7F4FDB22367FB200294E0A /* Build configuration list for PBXNativeTarget "Color Camera" */;
			buildPhases = (
				9F7F4FC222367FB000294E0A /* Sources */,
				9F7F4FC322367FB000294E0A /* Frameworks */,
				9F7F4FC422367FB000294E0A /* Resources */,
			);
			buildRules = (
			);
			dependencies = (
			);
			name = "Color Camera";
			productName = "Color Camera";
			productReference = 9F7F4FC622367FB000294E0A /* Color Camera.app */;
			productType = "com.apple.product-type.application";
		};
/* End PBXNativeTarget section */

/* Begin PBXProject section */
		9F7F4FBE22367FB000294E0A /* Project object */ = {
			isa = PBXProject;
			attributes = {
				LastSwiftUpdateCheck = 1010;
				LastUpgradeCheck = 1010;
				ORGANIZATIONNAME = "Fedor Kostylev";
				TargetAttributes = {
					9F7F4FC522367FB000294E0A = {
						CreatedOnToolsVersion = 10.1;
						LastSwiftMigration = 1020;
					};
				};
			};
			buildConfigurationList = 9F7F4FC122367FB000294E0A /* Build configuration list for PBXProject "Color Camera" */;
			compatibilityVersion = "Xcode 9.3";
			developmentRegion = en;
			hasScannedForEncodings = 0;
			knownRegions = (
				en,
				Base,
			);
			mainGroup = 9F7F4FBD22367FB000294E0A;
			productRefGroup = 9F7F4FC722367FB000294E0A /* Products */;
			projectDirPath = "";
			projectRoot = "";
			targets = (
				9F7F4FC522367FB000294E0A /* Color Camera */,
			);
		};
/* End PBXProject section */

/* Begin PBXResourcesBuildPhase section */
		9F7F4FC422367FB000294E0A /* Resources */ = {
			isa = PBXResourcesBuildPhase;
			buildActionMask = 2147483647;
			files = (
				9FECA45922AD257800B157D7 /* FilterPickerView.xib in Resources */,
				9F7F4FD722367FB200294E0A /* LaunchScreen.storyboard in Resources */,
				9F7F4FD422367FB200294E0A /* Assets.xcassets in Resources */,
				9FC7E523236B090B00E97B39 /* FilterPickerCellView.xib in Resources */,
				9F7F4FCF22367FB000294E0A /* Main.storyboard in Resources */,
			);
			runOnlyForDeploymentPostprocessing = 0;
		};
/* End PBXResourcesBuildPhase section */

/* Begin PBXSourcesBuildPhase section */
		9F7F4FC222367FB000294E0A /* Sources */ = {
			isa = PBXSourcesBuildPhase;
			buildActionMask = 2147483647;
			files = (
				9F9234F222ABF36F00A0E51E /* FilterManager.swift in Sources */,
				9F7F4FCC22367FB000294E0A /* ViewportViewController.swift in Sources */,
				9F9234F422ABF65300A0E51E /* CustomCIKernels.metal in Sources */,
				9F7F4FCA22367FB000294E0A /* AppDelegate.swift in Sources */,
				9F20C18222A69ABA00CD8726 /* CameraManager.swift in Sources */,
				9F7F4FD222367FB000294E0A /* Color_Camera.xcdatamodeld in Sources */,
				9FC7E525236B0A9100E97B39 /* FilterPickerCellController.swift in Sources */,
				9FECA45B22AD25AC00B157D7 /* FilterPickerViewController.swift in Sources */,
			);
			runOnlyForDeploymentPostprocessing = 0;
		};
/* End PBXSourcesBuildPhase section */

/* Begin PBXVariantGroup section */
		9F7F4FCD22367FB000294E0A /* Main.storyboard */ = {
			isa = PBXVariantGroup;
			children = (
				9F7F4FCE22367FB000294E0A /* Base */,
			);
			name = Main.storyboard;
			sourceTree = "<group>";
		};
		9F7F4FD522367FB200294E0A /* LaunchScreen.storyboard */ = {
			isa = PBXVariantGroup;
			children = (
				9F7F4FD622367FB200294E0A /* Base */,
			);
			name = LaunchScreen.storyboard;
			sourceTree = "<group>";
		};
/* End PBXVariantGroup section */

/* Begin XCBuildConfiguration section */
		9F7F4FD922367FB200294E0A /* Debug */ = {
			isa = XCBuildConfiguration;
			buildSettings = {
				ALWAYS_SEARCH_USER_PATHS = NO;
				CLANG_ANALYZER_NONNULL = YES;
				CLANG_ANALYZER_NUMBER_OBJECT_CONVERSION = YES_AGGRESSIVE;
				CLANG_CXX_LANGUAGE_STANDARD = "gnu++14";
				CLANG_CXX_LIBRARY = "libc++";
				CLANG_ENABLE_MODULES = YES;
				CLANG_ENABLE_OBJC_ARC = YES;
				CLANG_ENABLE_OBJC_WEAK = YES;
				CLANG_WARN_BLOCK_CAPTURE_AUTORELEASING = YES;
				CLANG_WARN_BOOL_CONVERSION = YES;
				CLANG_WARN_COMMA = YES;
				CLANG_WARN_CONSTANT_CONVERSION = YES;
				CLANG_WARN_DEPRECATED_OBJC_IMPLEMENTATIONS = YES;
				CLANG_WARN_DIRECT_OBJC_ISA_USAGE = YES_ERROR;
				CLANG_WARN_DOCUMENTATION_COMMENTS = YES;
				CLANG_WARN_EMPTY_BODY = YES;
				CLANG_WARN_ENUM_CONVERSION = YES;
				CLANG_WARN_INFINITE_RECURSION = YES;
				CLANG_WARN_INT_CONVERSION = YES;
				CLANG_WARN_NON_LITERAL_NULL_CONVERSION = YES;
				CLANG_WARN_OBJC_IMPLICIT_RETAIN_SELF = YES;
				CLANG_WARN_OBJC_LITERAL_CONVERSION = YES;
				CLANG_WARN_OBJC_ROOT_CLASS = YES_ERROR;
				CLANG_WARN_RANGE_LOOP_ANALYSIS = YES;
				CLANG_WARN_STRICT_PROTOTYPES = YES;
				CLANG_WARN_SUSPICIOUS_MOVE = YES;
				CLANG_WARN_UNGUARDED_AVAILABILITY = YES_AGGRESSIVE;
				CLANG_WARN_UNREACHABLE_CODE = YES;
				CLANG_WARN__DUPLICATE_METHOD_MATCH = YES;
				CODE_SIGN_IDENTITY = "iPhone Developer";
				COPY_PHASE_STRIP = NO;
				DEBUG_INFORMATION_FORMAT = dwarf;
				ENABLE_STRICT_OBJC_MSGSEND = YES;
				ENABLE_TESTABILITY = YES;
				GCC_C_LANGUAGE_STANDARD = gnu11;
				GCC_DYNAMIC_NO_PIC = NO;
				GCC_NO_COMMON_BLOCKS = YES;
				GCC_OPTIMIZATION_LEVEL = 0;
				GCC_PREPROCESSOR_DEFINITIONS = (
					"DEBUG=1",
					"$(inherited)",
				);
				GCC_WARN_64_TO_32_BIT_CONVERSION = YES;
				GCC_WARN_ABOUT_RETURN_TYPE = YES_ERROR;
				GCC_WARN_UNDECLARED_SELECTOR = YES;
				GCC_WARN_UNINITIALIZED_AUTOS = YES_AGGRESSIVE;
				GCC_WARN_UNUSED_FUNCTION = YES;
				GCC_WARN_UNUSED_VARIABLE = YES;
				IPHONEOS_DEPLOYMENT_TARGET = 12.1;
				MTLLINKER_FLAGS = "-cikernel";
				MTL_COMPILER_FLAGS = "-fcikernel";
				MTL_ENABLE_DEBUG_INFO = INCLUDE_SOURCE;
				MTL_FAST_MATH = YES;
				ONLY_ACTIVE_ARCH = YES;
				SDKROOT = iphoneos;
				SWIFT_ACTIVE_COMPILATION_CONDITIONS = DEBUG;
				SWIFT_OPTIMIZATION_LEVEL = "-Onone";
			};
			name = Debug;
		};
		9F7F4FDA22367FB200294E0A /* Release */ = {
			isa = XCBuildConfiguration;
			buildSettings = {
				ALWAYS_SEARCH_USER_PATHS = NO;
				CLANG_ANALYZER_NONNULL = YES;
				CLANG_ANALYZER_NUMBER_OBJECT_CONVERSION = YES_AGGRESSIVE;
				CLANG_CXX_LANGUAGE_STANDARD = "gnu++14";
				CLANG_CXX_LIBRARY = "libc++";
				CLANG_ENABLE_MODULES = YES;
				CLANG_ENABLE_OBJC_ARC = YES;
				CLANG_ENABLE_OBJC_WEAK = YES;
				CLANG_WARN_BLOCK_CAPTURE_AUTORELEASING = YES;
				CLANG_WARN_BOOL_CONVERSION = YES;
				CLANG_WARN_COMMA = YES;
				CLANG_WARN_CONSTANT_CONVERSION = YES;
				CLANG_WARN_DEPRECATED_OBJC_IMPLEMENTATIONS = YES;
				CLANG_WARN_DIRECT_OBJC_ISA_USAGE = YES_ERROR;
				CLANG_WARN_DOCUMENTATION_COMMENTS = YES;
				CLANG_WARN_EMPTY_BODY = YES;
				CLANG_WARN_ENUM_CONVERSION = YES;
				CLANG_WARN_INFINITE_RECURSION = YES;
				CLANG_WARN_INT_CONVERSION = YES;
				CLANG_WARN_NON_LITERAL_NULL_CONVERSION = YES;
				CLANG_WARN_OBJC_IMPLICIT_RETAIN_SELF = YES;
				CLANG_WARN_OBJC_LITERAL_CONVERSION = YES;
				CLANG_WARN_OBJC_ROOT_CLASS = YES_ERROR;
				CLANG_WARN_RANGE_LOOP_ANALYSIS = YES;
				CLANG_WARN_STRICT_PROTOTYPES = YES;
				CLANG_WARN_SUSPICIOUS_MOVE = YES;
				CLANG_WARN_UNGUARDED_AVAILABILITY = YES_AGGRESSIVE;
				CLANG_WARN_UNREACHABLE_CODE = YES;
				CLANG_WARN__DUPLICATE_METHOD_MATCH = YES;
				CODE_SIGN_IDENTITY = "iPhone Developer";
				COPY_PHASE_STRIP = NO;
				DEBUG_INFORMATION_FORMAT = "dwarf-with-dsym";
				ENABLE_NS_ASSERTIONS = NO;
				ENABLE_STRICT_OBJC_MSGSEND = YES;
				GCC_C_LANGUAGE_STANDARD = gnu11;
				GCC_NO_COMMON_BLOCKS = YES;
				GCC_WARN_64_TO_32_BIT_CONVERSION = YES;
				GCC_WARN_ABOUT_RETURN_TYPE = YES_ERROR;
				GCC_WARN_UNDECLARED_SELECTOR = YES;
				GCC_WARN_UNINITIALIZED_AUTOS = YES_AGGRESSIVE;
				GCC_WARN_UNUSED_FUNCTION = YES;
				GCC_WARN_UNUSED_VARIABLE = YES;
				IPHONEOS_DEPLOYMENT_TARGET = 12.1;
				MTLLINKER_FLAGS = "-cikernel";
				MTL_COMPILER_FLAGS = "-fcikernel";
				MTL_ENABLE_DEBUG_INFO = NO;
				MTL_FAST_MATH = YES;
				SDKROOT = iphoneos;
				SWIFT_COMPILATION_MODE = wholemodule;
				SWIFT_OPTIMIZATION_LEVEL = "-O";
				VALIDATE_PRODUCT = YES;
			};
			name = Release;
		};
		9F7F4FDC22367FB200294E0A /* Debug */ = {
			isa = XCBuildConfiguration;
			buildSettings = {
				ASSETCATALOG_COMPILER_APPICON_NAME = AppIcon;
				CLANG_ENABLE_MODULES = YES;
				CODE_SIGN_STYLE = Automatic;
				DEVELOPMENT_TEAM = G7SK84425W;
				INFOPLIST_FILE = "Color Camera/Info.plist";
				LD_RUNPATH_SEARCH_PATHS = (
					"$(inherited)",
					"@executable_path/Frameworks",
				);
				PRODUCT_BUNDLE_IDENTIFIER = "com.tedspikes.Color-Camera";
				PRODUCT_NAME = "$(TARGET_NAME)";
				SWIFT_OPTIMIZATION_LEVEL = "-Onone";
				SWIFT_VERSION = 5.0;
				TARGETED_DEVICE_FAMILY = "1,2";
			};
			name = Debug;
		};
		9F7F4FDD22367FB200294E0A /* Release */ = {
			isa = XCBuildConfiguration;
			buildSettings = {
				ASSETCATALOG_COMPILER_APPICON_NAME = AppIcon;
				CLANG_ENABLE_MODULES = YES;
				CODE_SIGN_STYLE = Automatic;
				DEVELOPMENT_TEAM = G7SK84425W;
				INFOPLIST_FILE = "Color Camera/Info.plist";
				LD_RUNPATH_SEARCH_PATHS = (
					"$(inherited)",
					"@executable_path/Frameworks",
				);
				PRODUCT_BUNDLE_IDENTIFIER = "com.tedspikes.Color-Camera";
				PRODUCT_NAME = "$(TARGET_NAME)";
				SWIFT_VERSION = 5.0;
				TARGETED_DEVICE_FAMILY = "1,2";
			};
			name = Release;
		};
/* End XCBuildConfiguration section */

/* Begin XCConfigurationList section */
		9F7F4FC122367FB000294E0A /* Build configuration list for PBXProject "Color Camera" */ = {
			isa = XCConfigurationList;
			buildConfigurations = (
				9F7F4FD922367FB200294E0A /* Debug */,
				9F7F4FDA22367FB200294E0A /* Release */,
			);
			defaultConfigurationIsVisible = 0;
			defaultConfigurationName = Release;
		};
		9F7F4FDB22367FB200294E0A /* Build configuration list for PBXNativeTarget "Color Camera" */ = {
			isa = XCConfigurationList;
			buildConfigurations = (
				9F7F4FDC22367FB200294E0A /* Debug */,
				9F7F4FDD22367FB200294E0A /* Release */,
			);
			defaultConfigurationIsVisible = 0;
			defaultConfigurationName = Release;
		};
/* End XCConfigurationList section */

/* Begin XCVersionGroup section */
		9F7F4FD022367FB000294E0A /* Color_Camera.xcdatamodeld */ = {
			isa = XCVersionGroup;
			children = (
				9F7F4FD122367FB000294E0A /* Color_Camera.xcdatamodel */,
			);
			currentVersion = 9F7F4FD122367FB000294E0A /* Color_Camera.xcdatamodel */;
			path = Color_Camera.xcdatamodeld;
			sourceTree = "<group>";
			versionGroupType = wrapper.xcdatamodel;
		};
/* End XCVersionGroup section */
	};
	rootObject = 9F7F4FBE22367FB000294E0A /* Project object */;
}
